
Microsoft Visual Studio Solution File, Format Version 12.00
# Visual Studio 2012
Project("{FAE04EC0-301F-11D3-BF4B-00C04F79EFBC}") = "CellularAutomata", "CellularAutomata\CellularAutomata.csproj", "{6644BEA2-BF3C-467B-A1BF-196FF503FAD6}"
EndProject
Project("{FAE04EC0-301F-11D3-BF4B-00C04F79EFBC}") = "Algorithms", "Algorithms\Algorithms.csproj", "{E999EB2D-E54B-431F-9520-99D2E8CA4899}"
EndProject
Global
	GlobalSection(SolutionConfigurationPlatforms) = preSolution
		Debug|Any CPU = Debug|Any CPU
		Release|Any CPU = Release|Any CPU
	EndGlobalSection
	GlobalSection(ProjectConfigurationPlatforms) = postSolution
		{6644BEA2-BF3C-467B-A1BF-196FF503FAD6}.Debug|Any CPU.ActiveCfg = Debug|Any CPU
		{6644BEA2-BF3C-467B-A1BF-196FF503FAD6}.Debug|Any CPU.Build.0 = Debug|Any CPU
		{6644BEA2-BF3C-467B-A1BF-196FF503FAD6}.Release|Any CPU.ActiveCfg = Release|Any CPU
		{6644BEA2-BF3C-467B-A1BF-196FF503FAD6}.Release|Any CPU.Build.0 = Release|Any CPU
		{E999EB2D-E54B-431F-9520-99D2E8CA4899}.Debug|Any CPU.ActiveCfg = Debug|Any CPU
		{E999EB2D-E54B-431F-9520-99D2E8CA4899}.Debug|Any CPU.Build.0 = Debug|Any CPU
		{E999EB2D-E54B-431F-9520-99D2E8CA4899}.Release|Any CPU.ActiveCfg = Release|Any CPU
		{E999EB2D-E54B-431F-9520-99D2E8CA4899}.Release|Any CPU.Build.0 = Release|Any CPU
	EndGlobalSection
	GlobalSection(SolutionProperties) = preSolution
		HideSolutionNode = FALSE
	EndGlobalSection
EndGlobal
