
Microsoft Visual Studio Solution File, Format Version 12.00
# Visual Studio Version 17
VisualStudioVersion = 17.2.32602.215
MinimumVisualStudioVersion = 10.0.40219.1
Project("{FAE04EC0-301F-11D3-BF4B-00C04F79EFBC}") = "CellularAutomata", "CellularAutomata\CellularAutomata.csproj", "{6644BEA2-BF3C-467B-A1BF-196FF503FAD6}"
EndProject
Global
	GlobalSection(SolutionConfigurationPlatforms) = preSolution
		Debug|Any CPU = Debug|Any CPU
		Release|Any CPU = Release|Any CPU
	EndGlobalSection
	GlobalSection(ProjectConfigurationPlatforms) = postSolution
		{6644BEA2-BF3C-467B-A1BF-196FF503FAD6}.Debug|Any CPU.ActiveCfg = Debug|Any CPU
		{6644BEA2-BF3C-467B-A1BF-196FF503FAD6}.Debug|Any CPU.Build.0 = Debug|Any CPU
		{6644BEA2-BF3C-467B-A1BF-196FF503FAD6}.Release|Any CPU.ActiveCfg = Release|Any CPU
		{6644BEA2-BF3C-467B-A1BF-196FF503FAD6}.Release|Any CPU.Build.0 = Release|Any CPU
	EndGlobalSection
	GlobalSection(SolutionProperties) = preSolution
		HideSolutionNode = FALSE
	EndGlobalSection
	GlobalSection(ExtensibilityGlobals) = postSolution
		SolutionGuid = {32370296-B944-4608-93C7-3B92663260C7}
	EndGlobalSection
EndGlobal
